
Microsoft Visual Studio Solution File, Format Version 12.00
# Visual Studio 2012
Project("{FAE04EC0-301F-11D3-BF4B-00C04F79EFBC}") = "MvvmLightMessenging", "MvvmLightMessenging\MvvmLightMessenging.csproj", "{445762B2-D518-4D51-BCBF-8508EFDEDB62}"
EndProject
Global
	GlobalSection(SolutionConfigurationPlatforms) = preSolution
		Debug|Any CPU = Debug|Any CPU
		Release|Any CPU = Release|Any CPU
	EndGlobalSection
	GlobalSection(ProjectConfigurationPlatforms) = postSolution
		{445762B2-D518-4D51-BCBF-8508EFDEDB62}.Debug|Any CPU.ActiveCfg = Debug|Any CPU
		{445762B2-D518-4D51-BCBF-8508EFDEDB62}.Debug|Any CPU.Build.0 = Debug|Any CPU
		{445762B2-D518-4D51-BCBF-8508EFDEDB62}.Release|Any CPU.ActiveCfg = Release|Any CPU
		{445762B2-D518-4D51-BCBF-8508EFDEDB62}.Release|Any CPU.Build.0 = Release|Any CPU
	EndGlobalSection
	GlobalSection(SolutionProperties) = preSolution
		HideSolutionNode = FALSE
	EndGlobalSection
EndGlobal
